
Microsoft Visual Studio Solution File, Format Version 12.00
# Visual Studio Version 17
VisualStudioVersion = 17.7.34031.279
MinimumVisualStudioVersion = 10.0.40219.1
Project("{FAE04EC0-301F-11D3-BF4B-00C04F79EFBC}") = "solodkaya.lab_10", "solodkaya.lab_10\solodkaya.lab_10.csproj", "{52BA7B58-ACB7-4F24-8F8E-08E53BD3ED4E}"
EndProject
Global
	GlobalSection(SolutionConfigurationPlatforms) = preSolution
		Debug|Any CPU = Debug|Any CPU
		Release|Any CPU = Release|Any CPU
	EndGlobalSection
	GlobalSection(ProjectConfigurationPlatforms) = postSolution
		{52BA7B58-ACB7-4F24-8F8E-08E53BD3ED4E}.Debug|Any CPU.ActiveCfg = Debug|Any CPU
		{52BA7B58-ACB7-4F24-8F8E-08E53BD3ED4E}.Debug|Any CPU.Build.0 = Debug|Any CPU
		{52BA7B58-ACB7-4F24-8F8E-08E53BD3ED4E}.Release|Any CPU.ActiveCfg = Release|Any CPU
		{52BA7B58-ACB7-4F24-8F8E-08E53BD3ED4E}.Release|Any CPU.Build.0 = Release|Any CPU
	EndGlobalSection
	GlobalSection(SolutionProperties) = preSolution
		HideSolutionNode = FALSE
	EndGlobalSection
	GlobalSection(ExtensibilityGlobals) = postSolution
		SolutionGuid = {16C182DB-B32B-4CDE-A09E-5B8752C83F15}
	EndGlobalSection
EndGlobal
